
Microsoft Visual Studio Solution File, Format Version 12.00
# Visual Studio Version 16
VisualStudioVersion = 16.0.30320.27
MinimumVisualStudioVersion = 10.0.40219.1
Project("{2150E333-8FDC-42A3-9474-1A3956D46DE8}") = "src", "src", "{F4792AD1-8201-44BE-ADE1-EA0ABA436483}"
EndProject
Project("{2150E333-8FDC-42A3-9474-1A3956D46DE8}") = "tests", "tests", "{116D5855-EACA-49AD-A356-AC7D23AE6D45}"
EndProject
Project("{2150E333-8FDC-42A3-9474-1A3956D46DE8}") = "Presentation", "Presentation", "{53084968-E73C-4B93-B429-AE266FC68007}"
EndProject
Project("{2150E333-8FDC-42A3-9474-1A3956D46DE8}") = "Core", "Core", "{C8868BC9-C75A-4C92-9E04-EA53FF0C577F}"
EndProject
Project("{2150E333-8FDC-42A3-9474-1A3956D46DE8}") = "Infrastructure", "Infrastructure", "{A907B9C4-A879-498B-A2C6-BB8BAAA038BF}"
EndProject
Project("{9A19103F-16F7-4668-BE54-9A1E7A4F7556}") = "TheCastle.WebUI", "src\Presentation\TheCastle.WebUI\TheCastle.WebUI.csproj", "{C1258ED2-52E2-41B9-A075-09943258E51B}"
EndProject
Project("{FAE04EC0-301F-11D3-BF4B-00C04F79EFBC}") = "TheCastle.Application", "src\Core\TheCastle.Application\TheCastle.Application.csproj", "{C08B62E1-4C9B-4B0A-A9BC-F36AD79637D8}"
EndProject
Project("{FAE04EC0-301F-11D3-BF4B-00C04F79EFBC}") = "TheCastle.IoC", "src\Infrastructure\TheCastle.IoC\TheCastle.IoC.csproj", "{A42179DD-7B39-4D73-936F-6B9939F169EF}"
EndProject
Project("{FAE04EC0-301F-11D3-BF4B-00C04F79EFBC}") = "TheCastle.Data", "src\Infrastructure\TheCastle.Data\TheCastle.Data.csproj", "{68A58EFB-F4A6-45A3-8A2B-5DC003554590}"
EndProject
Project("{FAE04EC0-301F-11D3-BF4B-00C04F79EFBC}") = "TheCastle.Domain", "src\Core\TheCastle.Domain\TheCastle.Domain.csproj", "{159107F9-B898-41A8-9CB9-1B7610FAE198}"
EndProject
Global
	GlobalSection(SolutionConfigurationPlatforms) = preSolution
		Debug|Any CPU = Debug|Any CPU
		Release|Any CPU = Release|Any CPU
	EndGlobalSection
	GlobalSection(ProjectConfigurationPlatforms) = postSolution
		{C1258ED2-52E2-41B9-A075-09943258E51B}.Debug|Any CPU.ActiveCfg = Debug|Any CPU
		{C1258ED2-52E2-41B9-A075-09943258E51B}.Debug|Any CPU.Build.0 = Debug|Any CPU
		{C1258ED2-52E2-41B9-A075-09943258E51B}.Release|Any CPU.ActiveCfg = Release|Any CPU
		{C1258ED2-52E2-41B9-A075-09943258E51B}.Release|Any CPU.Build.0 = Release|Any CPU
		{C08B62E1-4C9B-4B0A-A9BC-F36AD79637D8}.Debug|Any CPU.ActiveCfg = Debug|Any CPU
		{C08B62E1-4C9B-4B0A-A9BC-F36AD79637D8}.Debug|Any CPU.Build.0 = Debug|Any CPU
		{C08B62E1-4C9B-4B0A-A9BC-F36AD79637D8}.Release|Any CPU.ActiveCfg = Release|Any CPU
		{C08B62E1-4C9B-4B0A-A9BC-F36AD79637D8}.Release|Any CPU.Build.0 = Release|Any CPU
		{A42179DD-7B39-4D73-936F-6B9939F169EF}.Debug|Any CPU.ActiveCfg = Debug|Any CPU
		{A42179DD-7B39-4D73-936F-6B9939F169EF}.Debug|Any CPU.Build.0 = Debug|Any CPU
		{A42179DD-7B39-4D73-936F-6B9939F169EF}.Release|Any CPU.ActiveCfg = Release|Any CPU
		{A42179DD-7B39-4D73-936F-6B9939F169EF}.Release|Any CPU.Build.0 = Release|Any CPU
		{68A58EFB-F4A6-45A3-8A2B-5DC003554590}.Debug|Any CPU.ActiveCfg = Debug|Any CPU
		{68A58EFB-F4A6-45A3-8A2B-5DC003554590}.Debug|Any CPU.Build.0 = Debug|Any CPU
		{68A58EFB-F4A6-45A3-8A2B-5DC003554590}.Release|Any CPU.ActiveCfg = Release|Any CPU
		{68A58EFB-F4A6-45A3-8A2B-5DC003554590}.Release|Any CPU.Build.0 = Release|Any CPU
		{159107F9-B898-41A8-9CB9-1B7610FAE198}.Debug|Any CPU.ActiveCfg = Debug|Any CPU
		{159107F9-B898-41A8-9CB9-1B7610FAE198}.Debug|Any CPU.Build.0 = Debug|Any CPU
		{159107F9-B898-41A8-9CB9-1B7610FAE198}.Release|Any CPU.ActiveCfg = Release|Any CPU
		{159107F9-B898-41A8-9CB9-1B7610FAE198}.Release|Any CPU.Build.0 = Release|Any CPU
	EndGlobalSection
	GlobalSection(SolutionProperties) = preSolution
		HideSolutionNode = FALSE
	EndGlobalSection
	GlobalSection(NestedProjects) = preSolution
		{53084968-E73C-4B93-B429-AE266FC68007} = {F4792AD1-8201-44BE-ADE1-EA0ABA436483}
		{C8868BC9-C75A-4C92-9E04-EA53FF0C577F} = {F4792AD1-8201-44BE-ADE1-EA0ABA436483}
		{A907B9C4-A879-498B-A2C6-BB8BAAA038BF} = {F4792AD1-8201-44BE-ADE1-EA0ABA436483}
		{C1258ED2-52E2-41B9-A075-09943258E51B} = {53084968-E73C-4B93-B429-AE266FC68007}
		{C08B62E1-4C9B-4B0A-A9BC-F36AD79637D8} = {C8868BC9-C75A-4C92-9E04-EA53FF0C577F}
		{A42179DD-7B39-4D73-936F-6B9939F169EF} = {A907B9C4-A879-498B-A2C6-BB8BAAA038BF}
		{68A58EFB-F4A6-45A3-8A2B-5DC003554590} = {A907B9C4-A879-498B-A2C6-BB8BAAA038BF}
		{159107F9-B898-41A8-9CB9-1B7610FAE198} = {C8868BC9-C75A-4C92-9E04-EA53FF0C577F}
	EndGlobalSection
	GlobalSection(ExtensibilityGlobals) = postSolution
		SolutionGuid = {6731F69E-3698-4DC1-B291-B4FBA1CADF6D}
	EndGlobalSection
EndGlobal
