
Microsoft Visual Studio Solution File, Format Version 12.00
# Visual Studio Version 16
VisualStudioVersion = 16.0.30320.27
MinimumVisualStudioVersion = 10.0.40219.1
Project("{2150E333-8FDC-42A3-9474-1A3956D46DE8}") = "src", "src", "{F4792AD1-8201-44BE-ADE1-EA0ABA436483}"
EndProject
Project("{2150E333-8FDC-42A3-9474-1A3956D46DE8}") = "tests", "tests", "{116D5855-EACA-49AD-A356-AC7D23AE6D45}"
EndProject
Project("{2150E333-8FDC-42A3-9474-1A3956D46DE8}") = "Presentation", "Presentation", "{53084968-E73C-4B93-B429-AE266FC68007}"
EndProject
Project("{2150E333-8FDC-42A3-9474-1A3956D46DE8}") = "Core", "Core", "{C8868BC9-C75A-4C92-9E04-EA53FF0C577F}"
EndProject
Project("{2150E333-8FDC-42A3-9474-1A3956D46DE8}") = "Infrastructure", "Infrastructure", "{A907B9C4-A879-498B-A2C6-BB8BAAA038BF}"
EndProject
Project("{FAE04EC0-301F-11D3-BF4B-00C04F79EFBC}") = "TheCastle.WebUI", "src\Presentation\TheCastle.WebUI\TheCastle.WebUI.csproj", "{C1258ED2-52E2-41B9-A075-09943258E51B}"
EndProject
Global
	GlobalSection(SolutionConfigurationPlatforms) = preSolution
		Debug|Any CPU = Debug|Any CPU
		Release|Any CPU = Release|Any CPU
	EndGlobalSection
	GlobalSection(ProjectConfigurationPlatforms) = postSolution
		{C1258ED2-52E2-41B9-A075-09943258E51B}.Debug|Any CPU.ActiveCfg = Debug|Any CPU
		{C1258ED2-52E2-41B9-A075-09943258E51B}.Debug|Any CPU.Build.0 = Debug|Any CPU
		{C1258ED2-52E2-41B9-A075-09943258E51B}.Release|Any CPU.ActiveCfg = Release|Any CPU
		{C1258ED2-52E2-41B9-A075-09943258E51B}.Release|Any CPU.Build.0 = Release|Any CPU
	EndGlobalSection
	GlobalSection(SolutionProperties) = preSolution
		HideSolutionNode = FALSE
	EndGlobalSection
	GlobalSection(NestedProjects) = preSolution
		{53084968-E73C-4B93-B429-AE266FC68007} = {F4792AD1-8201-44BE-ADE1-EA0ABA436483}
		{C8868BC9-C75A-4C92-9E04-EA53FF0C577F} = {F4792AD1-8201-44BE-ADE1-EA0ABA436483}
		{A907B9C4-A879-498B-A2C6-BB8BAAA038BF} = {F4792AD1-8201-44BE-ADE1-EA0ABA436483}
		{C1258ED2-52E2-41B9-A075-09943258E51B} = {53084968-E73C-4B93-B429-AE266FC68007}
	EndGlobalSection
	GlobalSection(ExtensibilityGlobals) = postSolution
		SolutionGuid = {6731F69E-3698-4DC1-B291-B4FBA1CADF6D}
	EndGlobalSection
EndGlobal
